
Microsoft Visual Studio Solution File, Format Version 12.00
# Visual Studio Version 16
VisualStudioVersion = 16.0.31112.23
MinimumVisualStudioVersion = 10.0.40219.1
Project("{9A19103F-16F7-4668-BE54-9A1E7A4F7556}") = "KampInto", "KampInto\KampInto.csproj", "{7223ADF6-FC96-4399-A103-A428942B8309}"
EndProject
Project("{9A19103F-16F7-4668-BE54-9A1E7A4F7556}") = "Donguler", "Donguler\Donguler.csproj", "{7E6B2936-287E-4E6B-99F2-4CD7014523DC}"
EndProject
Project("{9A19103F-16F7-4668-BE54-9A1E7A4F7556}") = "Matematik", "Matematik\Matematik.csproj", "{C76FAD89-D6BD-46C9-8995-949BA4A33DC5}"
EndProject
Project("{9A19103F-16F7-4668-BE54-9A1E7A4F7556}") = "Methods", "Methods\Methods.csproj", "{126CEB16-071F-4445-8AA4-DF5A180DB870}"
EndProject
Project("{9A19103F-16F7-4668-BE54-9A1E7A4F7556}") = "DegerVeReferansTipler", "DegerVeReferansTipler\DegerVeReferansTipler.csproj", "{4C8682E5-647D-487A-A506-61AD9CDEAA74}"
EndProject
Project("{9A19103F-16F7-4668-BE54-9A1E7A4F7556}") = "OOP1", "OOP1\OOP1.csproj", "{9DADC40E-C4AB-4D8E-BAED-88112A6EBCA0}"
EndProject
Project("{9A19103F-16F7-4668-BE54-9A1E7A4F7556}") = "Koleksiyonlar", "Koleksiyonlar\Koleksiyonlar.csproj", "{8BC41BD7-E197-4AD7-8CCA-54D9ED63A774}"
EndProject
Project("{9A19103F-16F7-4668-BE54-9A1E7A4F7556}") = "GenericsInto", "GenericsInto\GenericsInto.csproj", "{73251402-E77F-4ECB-9350-AED81C9BEB1D}"
EndProject
Project("{FAE04EC0-301F-11D3-BF4B-00C04F79EFBC}") = "OOP2", "OOP2\OOP2.csproj", "{A2084300-26F3-4267-BA6F-66D69E399EA2}"
EndProject
Project("{FAE04EC0-301F-11D3-BF4B-00C04F79EFBC}") = "OOP3", "OOP3\OOP3.csproj", "{DCB36113-E660-40F6-9A41-FFAF034493C3}"
EndProject
Global
	GlobalSection(SolutionConfigurationPlatforms) = preSolution
		Debug|Any CPU = Debug|Any CPU
		Release|Any CPU = Release|Any CPU
	EndGlobalSection
	GlobalSection(ProjectConfigurationPlatforms) = postSolution
		{7223ADF6-FC96-4399-A103-A428942B8309}.Debug|Any CPU.ActiveCfg = Debug|Any CPU
		{7223ADF6-FC96-4399-A103-A428942B8309}.Debug|Any CPU.Build.0 = Debug|Any CPU
		{7223ADF6-FC96-4399-A103-A428942B8309}.Release|Any CPU.ActiveCfg = Release|Any CPU
		{7223ADF6-FC96-4399-A103-A428942B8309}.Release|Any CPU.Build.0 = Release|Any CPU
		{7E6B2936-287E-4E6B-99F2-4CD7014523DC}.Debug|Any CPU.ActiveCfg = Debug|Any CPU
		{7E6B2936-287E-4E6B-99F2-4CD7014523DC}.Debug|Any CPU.Build.0 = Debug|Any CPU
		{7E6B2936-287E-4E6B-99F2-4CD7014523DC}.Release|Any CPU.ActiveCfg = Release|Any CPU
		{7E6B2936-287E-4E6B-99F2-4CD7014523DC}.Release|Any CPU.Build.0 = Release|Any CPU
		{C76FAD89-D6BD-46C9-8995-949BA4A33DC5}.Debug|Any CPU.ActiveCfg = Debug|Any CPU
		{C76FAD89-D6BD-46C9-8995-949BA4A33DC5}.Debug|Any CPU.Build.0 = Debug|Any CPU
		{C76FAD89-D6BD-46C9-8995-949BA4A33DC5}.Release|Any CPU.ActiveCfg = Release|Any CPU
		{C76FAD89-D6BD-46C9-8995-949BA4A33DC5}.Release|Any CPU.Build.0 = Release|Any CPU
		{126CEB16-071F-4445-8AA4-DF5A180DB870}.Debug|Any CPU.ActiveCfg = Debug|Any CPU
		{126CEB16-071F-4445-8AA4-DF5A180DB870}.Debug|Any CPU.Build.0 = Debug|Any CPU
		{126CEB16-071F-4445-8AA4-DF5A180DB870}.Release|Any CPU.ActiveCfg = Release|Any CPU
		{126CEB16-071F-4445-8AA4-DF5A180DB870}.Release|Any CPU.Build.0 = Release|Any CPU
		{4C8682E5-647D-487A-A506-61AD9CDEAA74}.Debug|Any CPU.ActiveCfg = Debug|Any CPU
		{4C8682E5-647D-487A-A506-61AD9CDEAA74}.Debug|Any CPU.Build.0 = Debug|Any CPU
		{4C8682E5-647D-487A-A506-61AD9CDEAA74}.Release|Any CPU.ActiveCfg = Release|Any CPU
		{4C8682E5-647D-487A-A506-61AD9CDEAA74}.Release|Any CPU.Build.0 = Release|Any CPU
		{9DADC40E-C4AB-4D8E-BAED-88112A6EBCA0}.Debug|Any CPU.ActiveCfg = Debug|Any CPU
		{9DADC40E-C4AB-4D8E-BAED-88112A6EBCA0}.Debug|Any CPU.Build.0 = Debug|Any CPU
		{9DADC40E-C4AB-4D8E-BAED-88112A6EBCA0}.Release|Any CPU.ActiveCfg = Release|Any CPU
		{9DADC40E-C4AB-4D8E-BAED-88112A6EBCA0}.Release|Any CPU.Build.0 = Release|Any CPU
		{8BC41BD7-E197-4AD7-8CCA-54D9ED63A774}.Debug|Any CPU.ActiveCfg = Debug|Any CPU
		{8BC41BD7-E197-4AD7-8CCA-54D9ED63A774}.Debug|Any CPU.Build.0 = Debug|Any CPU
		{8BC41BD7-E197-4AD7-8CCA-54D9ED63A774}.Release|Any CPU.ActiveCfg = Release|Any CPU
		{8BC41BD7-E197-4AD7-8CCA-54D9ED63A774}.Release|Any CPU.Build.0 = Release|Any CPU
		{73251402-E77F-4ECB-9350-AED81C9BEB1D}.Debug|Any CPU.ActiveCfg = Debug|Any CPU
		{73251402-E77F-4ECB-9350-AED81C9BEB1D}.Debug|Any CPU.Build.0 = Debug|Any CPU
		{73251402-E77F-4ECB-9350-AED81C9BEB1D}.Release|Any CPU.ActiveCfg = Release|Any CPU
		{73251402-E77F-4ECB-9350-AED81C9BEB1D}.Release|Any CPU.Build.0 = Release|Any CPU
		{A2084300-26F3-4267-BA6F-66D69E399EA2}.Debug|Any CPU.ActiveCfg = Debug|Any CPU
		{A2084300-26F3-4267-BA6F-66D69E399EA2}.Debug|Any CPU.Build.0 = Debug|Any CPU
		{A2084300-26F3-4267-BA6F-66D69E399EA2}.Release|Any CPU.ActiveCfg = Release|Any CPU
		{A2084300-26F3-4267-BA6F-66D69E399EA2}.Release|Any CPU.Build.0 = Release|Any CPU
		{DCB36113-E660-40F6-9A41-FFAF034493C3}.Debug|Any CPU.ActiveCfg = Debug|Any CPU
		{DCB36113-E660-40F6-9A41-FFAF034493C3}.Debug|Any CPU.Build.0 = Debug|Any CPU
		{DCB36113-E660-40F6-9A41-FFAF034493C3}.Release|Any CPU.ActiveCfg = Release|Any CPU
		{DCB36113-E660-40F6-9A41-FFAF034493C3}.Release|Any CPU.Build.0 = Release|Any CPU
	EndGlobalSection
	GlobalSection(SolutionProperties) = preSolution
		HideSolutionNode = FALSE
	EndGlobalSection
	GlobalSection(ExtensibilityGlobals) = postSolution
		SolutionGuid = {8CDFB323-F3C4-4DBA-99F9-3A00692E80E7}
	EndGlobalSection
EndGlobal
